github.com/kulisi/queue v0.0.0-20240427024815-e56374e218ce h1:tk56h5joEsXXYpTtSRa2RxkH1EYkfkKqQ4q7h0l4RNc=
github.com/kulisi/queue v0.0.0-20240427024815-e56374e218ce/go.mod h1:OTqcyv4/TZVBuwjO2ClVJm3eJQmA7lLKiVVsCa7YjpY=
gopkg.in/eapache/queue.v1 v1.1.0 h1:EldqoJEGtXYiVCMRo2C9mePO2UUGnYn2+qLmlQSqPdc=
gopkg.in/eapache/queue.v1 v1.1.0/go.mod h1:wNtmx1/O7kZSR9zNT1TTOJ7GLpm3Vn7srzlfylFbQwU=
